
Microsoft Visual Studio Solution File, Format Version 12.00
# Visual Studio Version 17
VisualStudioVersion = 17.10.35013.160
MinimumVisualStudioVersion = 10.0.40219.1
Project("{9A19103F-16F7-4668-BE54-9A1E7A4F7556}") = "Common", "Common\Common.csproj", "{D795FB1A-3602-48A0-9560-CEC27E541196}"
EndProject
Project("{2150E333-8FDC-42A3-9474-1A3956D46DE8}") = "AuthorizationService", "AuthorizationService", "{FB54123B-9679-419B-AC90-347C21A66BD3}"
EndProject
Project("{9A19103F-16F7-4668-BE54-9A1E7A4F7556}") = "TasksService", "TasksService\TasksService\TasksService.csproj", "{F74736AE-D51F-4A74-8000-0C0F98990864}"
	ProjectSection(ProjectDependencies) = postProject
		{379BE7C2-99FB-48BE-998A-68E03F86BDCB} = {379BE7C2-99FB-48BE-998A-68E03F86BDCB}
		{38697C5A-F509-4237-826A-5B8D2F714479} = {38697C5A-F509-4237-826A-5B8D2F714479}
		{5401F528-E37B-41A0-B35E-9A98154CCBFD} = {5401F528-E37B-41A0-B35E-9A98154CCBFD}
		{86E2026D-C9B4-4A40-A178-E7458092AFDF} = {86E2026D-C9B4-4A40-A178-E7458092AFDF}
	EndProjectSection
EndProject
Project("{2150E333-8FDC-42A3-9474-1A3956D46DE8}") = "src", "src", "{0D248EF3-3EFF-46B3-8D66-074DB0A48AA7}"
EndProject
Project("{2150E333-8FDC-42A3-9474-1A3956D46DE8}") = "ChatService", "ChatService", "{1E21F497-2C59-44BD-97E1-C5E6E9B1EE2D}"
EndProject
Project("{9A19103F-16F7-4668-BE54-9A1E7A4F7556}") = "ChatService.API", "src\ChatService\ChatService.API\ChatService.API.csproj", "{D6881781-427A-41DD-8D0F-5334B292F34C}"
EndProject
Project("{2150E333-8FDC-42A3-9474-1A3956D46DE8}") = "Infrastucture", "Infrastucture", "{9209EB35-4E5A-4804-87F7-BF36E925BA4E}"
EndProject
Project("{2150E333-8FDC-42A3-9474-1A3956D46DE8}") = "Domain", "Domain", "{77CFA77F-7DA8-4F33-8420-D41B612F1FB0}"
EndProject
Project("{9A19103F-16F7-4668-BE54-9A1E7A4F7556}") = "ChatService.Domain.Entities", "src\ChatService\Domain\ChatService.Entities\ChatService.Domain.Entities.csproj", "{2AB892D2-F455-4A83-8840-13D220419A19}"
EndProject
Project("{2150E333-8FDC-42A3-9474-1A3956D46DE8}") = "Services", "Services", "{EAA0460B-BC55-41AE-93D1-4FC2A0D71193}"
EndProject
Project("{9A19103F-16F7-4668-BE54-9A1E7A4F7556}") = "ChatService.Services.Repositories.Abstractions", "src\ChatService\Services\ChatService.Services.Repositories.Abstractions\ChatService.Services.Repositories.Abstractions.csproj", "{8A7FDAF1-A49A-4DCD-8B7B-9A5D76B2490C}"
EndProject
Project("{9A19103F-16F7-4668-BE54-9A1E7A4F7556}") = "ChatService.Services.Contracts", "src\ChatService\Services\ChatService.Services.Contracts\ChatService.Services.Contracts.csproj", "{5E761B79-4375-45DD-BE22-72083D5D9DFC}"
EndProject
Project("{9A19103F-16F7-4668-BE54-9A1E7A4F7556}") = "ChatService.Services.Abstractions", "src\ChatService\Services\ChatService.Services.Abstractions\ChatService.Services.Abstractions.csproj", "{723E9097-E175-477F-95EA-DEE9DEF407CF}"
EndProject
Project("{9A19103F-16F7-4668-BE54-9A1E7A4F7556}") = "ChatService.Services.Implementations", "src\ChatService\Services\ChatService.Services.Implementations\ChatService.Services.Implementations.csproj", "{6BE8F5B4-8578-4D1A-9554-4285FB5909B0}"
EndProject
Project("{9A19103F-16F7-4668-BE54-9A1E7A4F7556}") = "ChatService.Infrastructure.EntityFramework", "src\ChatService\Infrastructure\ChatService.Infrastructure.EntityFramework\ChatService.Infrastructure.EntityFramework.csproj", "{68DCE4DB-7BF7-4902-BA07-CE1FEBA1BB12}"
EndProject
Project("{9A19103F-16F7-4668-BE54-9A1E7A4F7556}") = "ChatService.Infrastructure.Repositories.Implementations", "src\ChatService\Infrastructure\ChatService.Infrastructure.Repositories.Implementations\ChatService.Infrastructure.Repositories.Implementations.csproj", "{4A8F79FE-A81E-41C8-A70B-E98B4349299B}"
EndProject
Project("{2150E333-8FDC-42A3-9474-1A3956D46DE8}") = "Logger", "Logger", "{C3004521-1CF6-4582-A648-EABA05D77DB5}"
EndProject
Project("{2150E333-8FDC-42A3-9474-1A3956D46DE8}") = "DAL", "DAL", "{A4D7F05F-C649-4F61-A2DE-64712A26D04C}"
EndProject
Project("{9A19103F-16F7-4668-BE54-9A1E7A4F7556}") = "Logger.DataAccess.Entities", "Logger\DAL\Logger.DataAccess.Entities\Logger.DataAccess.Entities.csproj", "{8CF55C2B-4A7E-4E57-8187-8A096602DDD0}"
EndProject
Project("{9A19103F-16F7-4668-BE54-9A1E7A4F7556}") = "Logger.DataAccess.Repositories.Abstractions", "Logger\DAL\Logger.DataAccess.Repositories.Abstractions\Logger.DataAccess.Repositories.Abstractions.csproj", "{8CF44006-CD0B-466A-A240-368F434F2FA7}"
EndProject
Project("{9A19103F-16F7-4668-BE54-9A1E7A4F7556}") = "Logger.DataAccess.EntityFramework", "Logger\DAL\Logger.DataAccess.EntityFramework\Logger.DataAccess.EntityFramework.csproj", "{14D8DBDB-FB71-4776-B84C-D3DABFF878FC}"
EndProject
Project("{9A19103F-16F7-4668-BE54-9A1E7A4F7556}") = "LoggerService", "Logger\LoggerService\LoggerService.csproj", "{2375FC69-D5B9-463E-96AA-376D1A21CFAF}"
EndProject
Project("{9A19103F-16F7-4668-BE54-9A1E7A4F7556}") = "Logger.DataAccess.Repositories.Implementations", "Logger\DAL\Logger.DataAccess.Repositories.Implementations\Logger.DataAccess.Repositories.Implementations.csproj", "{2D3BE783-D833-413D-84F9-37C091BED521}"
EndProject
Project("{2150E333-8FDC-42A3-9474-1A3956D46DE8}") = "BLL", "BLL", "{F31183E6-901F-49A6-AFCF-97E7B2F6F617}"
EndProject
Project("{9A19103F-16F7-4668-BE54-9A1E7A4F7556}") = "Logger.BusinessLogic.Services.Abstractions", "Logger\BLL\Logger.BusinessLogic.Services.Abstractions\Logger.BusinessLogic.Services.Abstractions.csproj", "{07F2B0BE-0AB2-4891-80FC-CD1193956765}"
EndProject
Project("{9A19103F-16F7-4668-BE54-9A1E7A4F7556}") = "Logger.BusinessLogic.Services.Implementations", "Logger\BLL\Logger.BusinessLogic.Services.Implementations\Logger.BusinessLogic.Services.Implementations.csproj", "{6873D22C-2070-4171-960A-48B4E2F80D6B}"
EndProject
Project("{9A19103F-16F7-4668-BE54-9A1E7A4F7556}") = "Logger.BusinessLogic.DTO", "Logger\BLL\Logger.BusinessLogic.DTO\Logger.BusinessLogic.DTO.csproj", "{6A169A99-8C41-4683-A773-8E14A2265D66}"
EndProject
Project("{2150E333-8FDC-42A3-9474-1A3956D46DE8}") = "TasksService", "TasksService", "{9F540ADD-F89C-439F-8F3D-CBD3E8A07D7B}"
EndProject
Project("{2150E333-8FDC-42A3-9474-1A3956D46DE8}") = "BLL", "BLL", "{79F47D30-ECE1-4B86-9269-089725774346}"
EndProject
Project("{2150E333-8FDC-42A3-9474-1A3956D46DE8}") = "DAL", "DAL", "{6607F7B9-7F90-4E52-AE15-9CCCA1DD3278}"
EndProject
Project("{9A19103F-16F7-4668-BE54-9A1E7A4F7556}") = "TasksService.DataAccess.EntityFramework", "TasksService\DAL\TasksService.DataAccess.EntityFramework\TasksService.DataAccess.EntityFramework.csproj", "{03F61860-5430-4C4F-AC8D-7E20BB6EAD78}"
EndProject
Project("{9A19103F-16F7-4668-BE54-9A1E7A4F7556}") = "TasksService.DataAccess.Repositories.Abstractions", "TasksService\DAL\TasksService.DataAccess.Repositories.Abstractions\TasksService.DataAccess.Repositories.Abstractions.csproj", "{379BE7C2-99FB-48BE-998A-68E03F86BDCB}"
EndProject
Project("{9A19103F-16F7-4668-BE54-9A1E7A4F7556}") = "TasksService.DataAccess.Repositories.Implementations", "TasksService\DAL\TasksService.DataAccess.Repositories.Implementations\TasksService.DataAccess.Repositories.Implementations.csproj", "{97229D57-DE9E-4397-9F5B-AAE0AEBB7311}"
EndProject
Project("{9A19103F-16F7-4668-BE54-9A1E7A4F7556}") = "TasksService.BusinessLogic.Services.Abstractions", "TasksService\BLL\TasksService.BusinessLogic.Services.Abstractions\TasksService.BusinessLogic.Services.Abstractions.csproj", "{38697C5A-F509-4237-826A-5B8D2F714479}"
EndProject
Project("{9A19103F-16F7-4668-BE54-9A1E7A4F7556}") = "TasksService.BusinessLogic.Services.Implementations", "TasksService\BLL\TasksService.BusinessLogic.Services.Implementations\TasksService.BusinessLogic.Services.Implementations.csproj", "{34CA89A0-A030-47FE-ACFB-30A0E2B41FAA}"
EndProject
Project("{9A19103F-16F7-4668-BE54-9A1E7A4F7556}") = "TaslsService.BusinessLogic.DTO", "TasksService\BLL\TaslsService.BusinessLogic.DTO\TaslsService.BusinessLogic.DTO.csproj", "{86E2026D-C9B4-4A40-A178-E7458092AFDF}"
EndProject
Project("{9A19103F-16F7-4668-BE54-9A1E7A4F7556}") = "TasksService.DataAccess.Entities", "TasksService\DAL\TasksService.DataAccess.Entities\TasksService.DataAccess.Entities.csproj", "{5401F528-E37B-41A0-B35E-9A98154CCBFD}"
EndProject
Project("{9A19103F-16F7-4668-BE54-9A1E7A4F7556}") = "ChatService", "src\ChatService\ChatService\ChatService.csproj", "{0026EFE0-F1A3-442C-9E78-4B200CC4090F}"
EndProject
Project("{9A19103F-16F7-4668-BE54-9A1E7A4F7556}") = "TaskTracker.Gateway", "src\TaskTracker.Gateway\TaskTracker.Gateway.csproj", "{A62DE1CC-307F-4405-9BFE-F2EF07566904}"
EndProject
Project("{9A19103F-16F7-4668-BE54-9A1E7A4F7556}") = "Core", "AuthorizationService\Core\Core.csproj", "{7F343A99-D17A-4F26-A548-BF06D88E6913}"
EndProject
Project("{9A19103F-16F7-4668-BE54-9A1E7A4F7556}") = "Infrastructure", "AuthorizationService\Infrastructure\Infrastructure.csproj", "{ABC354E3-AFFC-4763-A7B2-39F8644BBB46}"
EndProject
Project("{9A19103F-16F7-4668-BE54-9A1E7A4F7556}") = "IntegrationTests", "AuthorizationService\IntegrationTests\IntegrationTests.csproj", "{8544EB41-D73D-4199-9202-D26D1D170A8B}"
EndProject
Project("{9A19103F-16F7-4668-BE54-9A1E7A4F7556}") = "ModularTests", "AuthorizationService\ModularTests\ModularTests.csproj", "{A079E89E-7018-4132-80EC-9A6EF5D23DB9}"
EndProject
Project("{9A19103F-16F7-4668-BE54-9A1E7A4F7556}") = "Web", "AuthorizationService\Web\Web.csproj", "{B148512F-24EF-4A4A-8304-542700F67114}"
EndProject
Global
	GlobalSection(SolutionConfigurationPlatforms) = preSolution
		Debug|Any CPU = Debug|Any CPU
		Release|Any CPU = Release|Any CPU
	EndGlobalSection
	GlobalSection(ProjectConfigurationPlatforms) = postSolution
		{D795FB1A-3602-48A0-9560-CEC27E541196}.Debug|Any CPU.ActiveCfg = Debug|Any CPU
		{D795FB1A-3602-48A0-9560-CEC27E541196}.Debug|Any CPU.Build.0 = Debug|Any CPU
		{D795FB1A-3602-48A0-9560-CEC27E541196}.Release|Any CPU.ActiveCfg = Release|Any CPU
		{D795FB1A-3602-48A0-9560-CEC27E541196}.Release|Any CPU.Build.0 = Release|Any CPU
		{FB54123B-9679-419B-AC90-347C21A66BD3}.Debug|Any CPU.ActiveCfg = Debug|Any CPU
		{FB54123B-9679-419B-AC90-347C21A66BD3}.Debug|Any CPU.Build.0 = Debug|Any CPU
		{FB54123B-9679-419B-AC90-347C21A66BD3}.Release|Any CPU.ActiveCfg = Release|Any CPU
		{FB54123B-9679-419B-AC90-347C21A66BD3}.Release|Any CPU.Build.0 = Release|Any CPU
		{F74736AE-D51F-4A74-8000-0C0F98990864}.Debug|Any CPU.ActiveCfg = Debug|Any CPU
		{F74736AE-D51F-4A74-8000-0C0F98990864}.Release|Any CPU.ActiveCfg = Release|Any CPU
		{F74736AE-D51F-4A74-8000-0C0F98990864}.Release|Any CPU.Build.0 = Release|Any CPU
		{D6881781-427A-41DD-8D0F-5334B292F34C}.Debug|Any CPU.ActiveCfg = Debug|Any CPU
		{D6881781-427A-41DD-8D0F-5334B292F34C}.Release|Any CPU.ActiveCfg = Release|Any CPU
		{D6881781-427A-41DD-8D0F-5334B292F34C}.Release|Any CPU.Build.0 = Release|Any CPU
		{2AB892D2-F455-4A83-8840-13D220419A19}.Debug|Any CPU.ActiveCfg = Debug|Any CPU
		{2AB892D2-F455-4A83-8840-13D220419A19}.Release|Any CPU.ActiveCfg = Release|Any CPU
		{2AB892D2-F455-4A83-8840-13D220419A19}.Release|Any CPU.Build.0 = Release|Any CPU
		{8A7FDAF1-A49A-4DCD-8B7B-9A5D76B2490C}.Debug|Any CPU.ActiveCfg = Debug|Any CPU
		{8A7FDAF1-A49A-4DCD-8B7B-9A5D76B2490C}.Release|Any CPU.ActiveCfg = Release|Any CPU
		{8A7FDAF1-A49A-4DCD-8B7B-9A5D76B2490C}.Release|Any CPU.Build.0 = Release|Any CPU
		{5E761B79-4375-45DD-BE22-72083D5D9DFC}.Debug|Any CPU.ActiveCfg = Debug|Any CPU
		{5E761B79-4375-45DD-BE22-72083D5D9DFC}.Release|Any CPU.ActiveCfg = Release|Any CPU
		{5E761B79-4375-45DD-BE22-72083D5D9DFC}.Release|Any CPU.Build.0 = Release|Any CPU
		{723E9097-E175-477F-95EA-DEE9DEF407CF}.Debug|Any CPU.ActiveCfg = Debug|Any CPU
		{723E9097-E175-477F-95EA-DEE9DEF407CF}.Release|Any CPU.ActiveCfg = Release|Any CPU
		{723E9097-E175-477F-95EA-DEE9DEF407CF}.Release|Any CPU.Build.0 = Release|Any CPU
		{6BE8F5B4-8578-4D1A-9554-4285FB5909B0}.Debug|Any CPU.ActiveCfg = Debug|Any CPU
		{6BE8F5B4-8578-4D1A-9554-4285FB5909B0}.Release|Any CPU.ActiveCfg = Release|Any CPU
		{6BE8F5B4-8578-4D1A-9554-4285FB5909B0}.Release|Any CPU.Build.0 = Release|Any CPU
		{68DCE4DB-7BF7-4902-BA07-CE1FEBA1BB12}.Debug|Any CPU.ActiveCfg = Debug|Any CPU
		{68DCE4DB-7BF7-4902-BA07-CE1FEBA1BB12}.Release|Any CPU.ActiveCfg = Release|Any CPU
		{68DCE4DB-7BF7-4902-BA07-CE1FEBA1BB12}.Release|Any CPU.Build.0 = Release|Any CPU
		{4A8F79FE-A81E-41C8-A70B-E98B4349299B}.Debug|Any CPU.ActiveCfg = Debug|Any CPU
		{4A8F79FE-A81E-41C8-A70B-E98B4349299B}.Release|Any CPU.ActiveCfg = Release|Any CPU
		{4A8F79FE-A81E-41C8-A70B-E98B4349299B}.Release|Any CPU.Build.0 = Release|Any CPU
		{8CF55C2B-4A7E-4E57-8187-8A096602DDD0}.Debug|Any CPU.ActiveCfg = Debug|Any CPU
		{8CF55C2B-4A7E-4E57-8187-8A096602DDD0}.Debug|Any CPU.Build.0 = Debug|Any CPU
		{8CF55C2B-4A7E-4E57-8187-8A096602DDD0}.Release|Any CPU.ActiveCfg = Release|Any CPU
		{8CF55C2B-4A7E-4E57-8187-8A096602DDD0}.Release|Any CPU.Build.0 = Release|Any CPU
		{8CF44006-CD0B-466A-A240-368F434F2FA7}.Debug|Any CPU.ActiveCfg = Debug|Any CPU
		{8CF44006-CD0B-466A-A240-368F434F2FA7}.Debug|Any CPU.Build.0 = Debug|Any CPU
		{8CF44006-CD0B-466A-A240-368F434F2FA7}.Release|Any CPU.ActiveCfg = Release|Any CPU
		{8CF44006-CD0B-466A-A240-368F434F2FA7}.Release|Any CPU.Build.0 = Release|Any CPU
		{14D8DBDB-FB71-4776-B84C-D3DABFF878FC}.Debug|Any CPU.ActiveCfg = Debug|Any CPU
		{14D8DBDB-FB71-4776-B84C-D3DABFF878FC}.Debug|Any CPU.Build.0 = Debug|Any CPU
		{14D8DBDB-FB71-4776-B84C-D3DABFF878FC}.Release|Any CPU.ActiveCfg = Release|Any CPU
		{14D8DBDB-FB71-4776-B84C-D3DABFF878FC}.Release|Any CPU.Build.0 = Release|Any CPU
		{2375FC69-D5B9-463E-96AA-376D1A21CFAF}.Debug|Any CPU.ActiveCfg = Debug|Any CPU
		{2375FC69-D5B9-463E-96AA-376D1A21CFAF}.Debug|Any CPU.Build.0 = Debug|Any CPU
		{2375FC69-D5B9-463E-96AA-376D1A21CFAF}.Release|Any CPU.ActiveCfg = Release|Any CPU
		{2375FC69-D5B9-463E-96AA-376D1A21CFAF}.Release|Any CPU.Build.0 = Release|Any CPU
		{2D3BE783-D833-413D-84F9-37C091BED521}.Debug|Any CPU.ActiveCfg = Debug|Any CPU
		{2D3BE783-D833-413D-84F9-37C091BED521}.Debug|Any CPU.Build.0 = Debug|Any CPU
		{2D3BE783-D833-413D-84F9-37C091BED521}.Release|Any CPU.ActiveCfg = Release|Any CPU
		{2D3BE783-D833-413D-84F9-37C091BED521}.Release|Any CPU.Build.0 = Release|Any CPU
		{07F2B0BE-0AB2-4891-80FC-CD1193956765}.Debug|Any CPU.ActiveCfg = Debug|Any CPU
		{07F2B0BE-0AB2-4891-80FC-CD1193956765}.Debug|Any CPU.Build.0 = Debug|Any CPU
		{07F2B0BE-0AB2-4891-80FC-CD1193956765}.Release|Any CPU.ActiveCfg = Release|Any CPU
		{07F2B0BE-0AB2-4891-80FC-CD1193956765}.Release|Any CPU.Build.0 = Release|Any CPU
		{6873D22C-2070-4171-960A-48B4E2F80D6B}.Debug|Any CPU.ActiveCfg = Debug|Any CPU
		{6873D22C-2070-4171-960A-48B4E2F80D6B}.Debug|Any CPU.Build.0 = Debug|Any CPU
		{6873D22C-2070-4171-960A-48B4E2F80D6B}.Release|Any CPU.ActiveCfg = Release|Any CPU
		{6873D22C-2070-4171-960A-48B4E2F80D6B}.Release|Any CPU.Build.0 = Release|Any CPU
		{6A169A99-8C41-4683-A773-8E14A2265D66}.Debug|Any CPU.ActiveCfg = Debug|Any CPU
		{6A169A99-8C41-4683-A773-8E14A2265D66}.Debug|Any CPU.Build.0 = Debug|Any CPU
		{6A169A99-8C41-4683-A773-8E14A2265D66}.Release|Any CPU.ActiveCfg = Release|Any CPU
		{6A169A99-8C41-4683-A773-8E14A2265D66}.Release|Any CPU.Build.0 = Release|Any CPU
		{03F61860-5430-4C4F-AC8D-7E20BB6EAD78}.Debug|Any CPU.ActiveCfg = Debug|Any CPU
		{03F61860-5430-4C4F-AC8D-7E20BB6EAD78}.Debug|Any CPU.Build.0 = Debug|Any CPU
		{03F61860-5430-4C4F-AC8D-7E20BB6EAD78}.Release|Any CPU.ActiveCfg = Release|Any CPU
		{03F61860-5430-4C4F-AC8D-7E20BB6EAD78}.Release|Any CPU.Build.0 = Release|Any CPU
		{379BE7C2-99FB-48BE-998A-68E03F86BDCB}.Debug|Any CPU.ActiveCfg = Debug|Any CPU
		{379BE7C2-99FB-48BE-998A-68E03F86BDCB}.Debug|Any CPU.Build.0 = Debug|Any CPU
		{379BE7C2-99FB-48BE-998A-68E03F86BDCB}.Release|Any CPU.ActiveCfg = Release|Any CPU
		{379BE7C2-99FB-48BE-998A-68E03F86BDCB}.Release|Any CPU.Build.0 = Release|Any CPU
		{97229D57-DE9E-4397-9F5B-AAE0AEBB7311}.Debug|Any CPU.ActiveCfg = Debug|Any CPU
		{97229D57-DE9E-4397-9F5B-AAE0AEBB7311}.Debug|Any CPU.Build.0 = Debug|Any CPU
		{97229D57-DE9E-4397-9F5B-AAE0AEBB7311}.Release|Any CPU.ActiveCfg = Release|Any CPU
		{97229D57-DE9E-4397-9F5B-AAE0AEBB7311}.Release|Any CPU.Build.0 = Release|Any CPU
		{38697C5A-F509-4237-826A-5B8D2F714479}.Debug|Any CPU.ActiveCfg = Debug|Any CPU
		{38697C5A-F509-4237-826A-5B8D2F714479}.Debug|Any CPU.Build.0 = Debug|Any CPU
		{38697C5A-F509-4237-826A-5B8D2F714479}.Release|Any CPU.ActiveCfg = Release|Any CPU
		{38697C5A-F509-4237-826A-5B8D2F714479}.Release|Any CPU.Build.0 = Release|Any CPU
		{34CA89A0-A030-47FE-ACFB-30A0E2B41FAA}.Debug|Any CPU.ActiveCfg = Debug|Any CPU
		{34CA89A0-A030-47FE-ACFB-30A0E2B41FAA}.Debug|Any CPU.Build.0 = Debug|Any CPU
		{34CA89A0-A030-47FE-ACFB-30A0E2B41FAA}.Release|Any CPU.ActiveCfg = Release|Any CPU
		{34CA89A0-A030-47FE-ACFB-30A0E2B41FAA}.Release|Any CPU.Build.0 = Release|Any CPU
		{86E2026D-C9B4-4A40-A178-E7458092AFDF}.Debug|Any CPU.ActiveCfg = Debug|Any CPU
		{86E2026D-C9B4-4A40-A178-E7458092AFDF}.Debug|Any CPU.Build.0 = Debug|Any CPU
		{86E2026D-C9B4-4A40-A178-E7458092AFDF}.Release|Any CPU.ActiveCfg = Release|Any CPU
		{86E2026D-C9B4-4A40-A178-E7458092AFDF}.Release|Any CPU.Build.0 = Release|Any CPU
		{5401F528-E37B-41A0-B35E-9A98154CCBFD}.Debug|Any CPU.ActiveCfg = Debug|Any CPU
		{5401F528-E37B-41A0-B35E-9A98154CCBFD}.Debug|Any CPU.Build.0 = Debug|Any CPU
		{5401F528-E37B-41A0-B35E-9A98154CCBFD}.Release|Any CPU.ActiveCfg = Release|Any CPU
		{5401F528-E37B-41A0-B35E-9A98154CCBFD}.Release|Any CPU.Build.0 = Release|Any CPU
		{0026EFE0-F1A3-442C-9E78-4B200CC4090F}.Debug|Any CPU.ActiveCfg = Debug|Any CPU
		{0026EFE0-F1A3-442C-9E78-4B200CC4090F}.Debug|Any CPU.Build.0 = Debug|Any CPU
		{0026EFE0-F1A3-442C-9E78-4B200CC4090F}.Release|Any CPU.ActiveCfg = Release|Any CPU
		{0026EFE0-F1A3-442C-9E78-4B200CC4090F}.Release|Any CPU.Build.0 = Release|Any CPU
		{A62DE1CC-307F-4405-9BFE-F2EF07566904}.Debug|Any CPU.ActiveCfg = Debug|Any CPU
		{A62DE1CC-307F-4405-9BFE-F2EF07566904}.Debug|Any CPU.Build.0 = Debug|Any CPU
		{A62DE1CC-307F-4405-9BFE-F2EF07566904}.Release|Any CPU.ActiveCfg = Release|Any CPU
		{A62DE1CC-307F-4405-9BFE-F2EF07566904}.Release|Any CPU.Build.0 = Release|Any CPU
		{7F343A99-D17A-4F26-A548-BF06D88E6913}.Debug|Any CPU.ActiveCfg = Debug|Any CPU
		{7F343A99-D17A-4F26-A548-BF06D88E6913}.Debug|Any CPU.Build.0 = Debug|Any CPU
		{7F343A99-D17A-4F26-A548-BF06D88E6913}.Release|Any CPU.ActiveCfg = Release|Any CPU
		{7F343A99-D17A-4F26-A548-BF06D88E6913}.Release|Any CPU.Build.0 = Release|Any CPU
		{ABC354E3-AFFC-4763-A7B2-39F8644BBB46}.Debug|Any CPU.ActiveCfg = Debug|Any CPU
		{ABC354E3-AFFC-4763-A7B2-39F8644BBB46}.Debug|Any CPU.Build.0 = Debug|Any CPU
		{ABC354E3-AFFC-4763-A7B2-39F8644BBB46}.Release|Any CPU.ActiveCfg = Release|Any CPU
		{ABC354E3-AFFC-4763-A7B2-39F8644BBB46}.Release|Any CPU.Build.0 = Release|Any CPU
		{8544EB41-D73D-4199-9202-D26D1D170A8B}.Debug|Any CPU.ActiveCfg = Debug|Any CPU
		{8544EB41-D73D-4199-9202-D26D1D170A8B}.Debug|Any CPU.Build.0 = Debug|Any CPU
		{8544EB41-D73D-4199-9202-D26D1D170A8B}.Release|Any CPU.ActiveCfg = Release|Any CPU
		{8544EB41-D73D-4199-9202-D26D1D170A8B}.Release|Any CPU.Build.0 = Release|Any CPU
		{A079E89E-7018-4132-80EC-9A6EF5D23DB9}.Debug|Any CPU.ActiveCfg = Debug|Any CPU
		{A079E89E-7018-4132-80EC-9A6EF5D23DB9}.Debug|Any CPU.Build.0 = Debug|Any CPU
		{A079E89E-7018-4132-80EC-9A6EF5D23DB9}.Release|Any CPU.ActiveCfg = Release|Any CPU
		{A079E89E-7018-4132-80EC-9A6EF5D23DB9}.Release|Any CPU.Build.0 = Release|Any CPU
		{B148512F-24EF-4A4A-8304-542700F67114}.Debug|Any CPU.ActiveCfg = Debug|Any CPU
		{B148512F-24EF-4A4A-8304-542700F67114}.Debug|Any CPU.Build.0 = Debug|Any CPU
		{B148512F-24EF-4A4A-8304-542700F67114}.Release|Any CPU.ActiveCfg = Release|Any CPU
		{B148512F-24EF-4A4A-8304-542700F67114}.Release|Any CPU.Build.0 = Release|Any CPU
	EndGlobalSection
	GlobalSection(SolutionProperties) = preSolution
		HideSolutionNode = FALSE
	EndGlobalSection
	GlobalSection(NestedProjects) = preSolution
		{F74736AE-D51F-4A74-8000-0C0F98990864} = {9F540ADD-F89C-439F-8F3D-CBD3E8A07D7B}
		{1E21F497-2C59-44BD-97E1-C5E6E9B1EE2D} = {0D248EF3-3EFF-46B3-8D66-074DB0A48AA7}
		{D6881781-427A-41DD-8D0F-5334B292F34C} = {1E21F497-2C59-44BD-97E1-C5E6E9B1EE2D}
		{9209EB35-4E5A-4804-87F7-BF36E925BA4E} = {1E21F497-2C59-44BD-97E1-C5E6E9B1EE2D}
		{77CFA77F-7DA8-4F33-8420-D41B612F1FB0} = {1E21F497-2C59-44BD-97E1-C5E6E9B1EE2D}
		{2AB892D2-F455-4A83-8840-13D220419A19} = {77CFA77F-7DA8-4F33-8420-D41B612F1FB0}
		{EAA0460B-BC55-41AE-93D1-4FC2A0D71193} = {1E21F497-2C59-44BD-97E1-C5E6E9B1EE2D}
		{8A7FDAF1-A49A-4DCD-8B7B-9A5D76B2490C} = {EAA0460B-BC55-41AE-93D1-4FC2A0D71193}
		{5E761B79-4375-45DD-BE22-72083D5D9DFC} = {EAA0460B-BC55-41AE-93D1-4FC2A0D71193}
		{723E9097-E175-477F-95EA-DEE9DEF407CF} = {EAA0460B-BC55-41AE-93D1-4FC2A0D71193}
		{6BE8F5B4-8578-4D1A-9554-4285FB5909B0} = {EAA0460B-BC55-41AE-93D1-4FC2A0D71193}
		{68DCE4DB-7BF7-4902-BA07-CE1FEBA1BB12} = {9209EB35-4E5A-4804-87F7-BF36E925BA4E}
		{4A8F79FE-A81E-41C8-A70B-E98B4349299B} = {9209EB35-4E5A-4804-87F7-BF36E925BA4E}
		{A4D7F05F-C649-4F61-A2DE-64712A26D04C} = {C3004521-1CF6-4582-A648-EABA05D77DB5}
		{8CF55C2B-4A7E-4E57-8187-8A096602DDD0} = {A4D7F05F-C649-4F61-A2DE-64712A26D04C}
		{8CF44006-CD0B-466A-A240-368F434F2FA7} = {A4D7F05F-C649-4F61-A2DE-64712A26D04C}
		{14D8DBDB-FB71-4776-B84C-D3DABFF878FC} = {A4D7F05F-C649-4F61-A2DE-64712A26D04C}
		{2375FC69-D5B9-463E-96AA-376D1A21CFAF} = {C3004521-1CF6-4582-A648-EABA05D77DB5}
		{2D3BE783-D833-413D-84F9-37C091BED521} = {A4D7F05F-C649-4F61-A2DE-64712A26D04C}
		{F31183E6-901F-49A6-AFCF-97E7B2F6F617} = {C3004521-1CF6-4582-A648-EABA05D77DB5}
		{07F2B0BE-0AB2-4891-80FC-CD1193956765} = {F31183E6-901F-49A6-AFCF-97E7B2F6F617}
		{6873D22C-2070-4171-960A-48B4E2F80D6B} = {F31183E6-901F-49A6-AFCF-97E7B2F6F617}
		{6A169A99-8C41-4683-A773-8E14A2265D66} = {F31183E6-901F-49A6-AFCF-97E7B2F6F617}
		{79F47D30-ECE1-4B86-9269-089725774346} = {9F540ADD-F89C-439F-8F3D-CBD3E8A07D7B}
		{6607F7B9-7F90-4E52-AE15-9CCCA1DD3278} = {9F540ADD-F89C-439F-8F3D-CBD3E8A07D7B}
		{03F61860-5430-4C4F-AC8D-7E20BB6EAD78} = {6607F7B9-7F90-4E52-AE15-9CCCA1DD3278}
		{379BE7C2-99FB-48BE-998A-68E03F86BDCB} = {6607F7B9-7F90-4E52-AE15-9CCCA1DD3278}
		{97229D57-DE9E-4397-9F5B-AAE0AEBB7311} = {6607F7B9-7F90-4E52-AE15-9CCCA1DD3278}
		{38697C5A-F509-4237-826A-5B8D2F714479} = {79F47D30-ECE1-4B86-9269-089725774346}
		{34CA89A0-A030-47FE-ACFB-30A0E2B41FAA} = {79F47D30-ECE1-4B86-9269-089725774346}
		{86E2026D-C9B4-4A40-A178-E7458092AFDF} = {79F47D30-ECE1-4B86-9269-089725774346}
		{5401F528-E37B-41A0-B35E-9A98154CCBFD} = {6607F7B9-7F90-4E52-AE15-9CCCA1DD3278}
		{0026EFE0-F1A3-442C-9E78-4B200CC4090F} = {1E21F497-2C59-44BD-97E1-C5E6E9B1EE2D}
		{A62DE1CC-307F-4405-9BFE-F2EF07566904} = {0D248EF3-3EFF-46B3-8D66-074DB0A48AA7}
		{7F343A99-D17A-4F26-A548-BF06D88E6913} = {FB54123B-9679-419B-AC90-347C21A66BD3}
		{ABC354E3-AFFC-4763-A7B2-39F8644BBB46} = {FB54123B-9679-419B-AC90-347C21A66BD3}
		{8544EB41-D73D-4199-9202-D26D1D170A8B} = {FB54123B-9679-419B-AC90-347C21A66BD3}
		{A079E89E-7018-4132-80EC-9A6EF5D23DB9} = {FB54123B-9679-419B-AC90-347C21A66BD3}
		{B148512F-24EF-4A4A-8304-542700F67114} = {FB54123B-9679-419B-AC90-347C21A66BD3}
	EndGlobalSection
	GlobalSection(ExtensibilityGlobals) = postSolution
		SolutionGuid = {7C183238-1C39-4D6A-B0C4-41D95D68C458}
	EndGlobalSection
EndGlobal
