
Microsoft Visual Studio Solution File, Format Version 12.00
# Visual Studio Version 17
VisualStudioVersion = 17.10.35013.160
MinimumVisualStudioVersion = 10.0.40219.1
Project("{9A19103F-16F7-4668-BE54-9A1E7A4F7556}") = "Common", "Common\Common.csproj", "{D795FB1A-3602-48A0-9560-CEC27E541196}"
EndProject
Project("{9A19103F-16F7-4668-BE54-9A1E7A4F7556}") = "AuthService", "AuthService\AuthService.csproj", "{FB54123B-9679-419B-AC90-347C21A66BD3}"
EndProject
Project("{9A19103F-16F7-4668-BE54-9A1E7A4F7556}") = "AuthService.Tests", "AuthService.Tests\AuthService.Tests.csproj", "{AF4FB651-320D-4929-8753-9593C8659631}"
EndProject
Project("{9A19103F-16F7-4668-BE54-9A1E7A4F7556}") = "TasksService", "TasksService\TasksService.csproj", "{F74736AE-D51F-4A74-8000-0C0F98990864}"
EndProject
Project("{2150E333-8FDC-42A3-9474-1A3956D46DE8}") = "src", "src", "{0D248EF3-3EFF-46B3-8D66-074DB0A48AA7}"
EndProject
Project("{2150E333-8FDC-42A3-9474-1A3956D46DE8}") = "ChatService", "ChatService", "{1E21F497-2C59-44BD-97E1-C5E6E9B1EE2D}"
EndProject
Project("{9A19103F-16F7-4668-BE54-9A1E7A4F7556}") = "ChatService.API", "src\ChatService\ChatService.API\ChatService.API.csproj", "{D6881781-427A-41DD-8D0F-5334B292F34C}"
EndProject
Project("{2150E333-8FDC-42A3-9474-1A3956D46DE8}") = "Infrastucture", "Infrastucture", "{9209EB35-4E5A-4804-87F7-BF36E925BA4E}"
EndProject
Project("{2150E333-8FDC-42A3-9474-1A3956D46DE8}") = "Domain", "Domain", "{77CFA77F-7DA8-4F33-8420-D41B612F1FB0}"
EndProject
Project("{9A19103F-16F7-4668-BE54-9A1E7A4F7556}") = "ChatService.Domain.Entities", "src\ChatService\Domain\ChatService.Entities\ChatService.Domain.Entities.csproj", "{2AB892D2-F455-4A83-8840-13D220419A19}"
EndProject
Project("{2150E333-8FDC-42A3-9474-1A3956D46DE8}") = "Services", "Services", "{EAA0460B-BC55-41AE-93D1-4FC2A0D71193}"
EndProject
Project("{9A19103F-16F7-4668-BE54-9A1E7A4F7556}") = "ChatService.Services.Repositories.Abstractions", "src\ChatService\Services\ChatService.Services.Repositories.Abstractions\ChatService.Services.Repositories.Abstractions.csproj", "{8A7FDAF1-A49A-4DCD-8B7B-9A5D76B2490C}"
EndProject
Project("{9A19103F-16F7-4668-BE54-9A1E7A4F7556}") = "ChatService.Services.Contracts", "src\ChatService\Services\ChatService.Services.Contracts\ChatService.Services.Contracts.csproj", "{5E761B79-4375-45DD-BE22-72083D5D9DFC}"
EndProject
Project("{9A19103F-16F7-4668-BE54-9A1E7A4F7556}") = "ChatService.Services.Abstractions", "src\ChatService\Services\ChatService.Services.Abstractions\ChatService.Services.Abstractions.csproj", "{723E9097-E175-477F-95EA-DEE9DEF407CF}"
EndProject
Project("{9A19103F-16F7-4668-BE54-9A1E7A4F7556}") = "ChatService.Services.Implementations", "src\ChatService\Services\ChatService.Services.Implementations\ChatService.Services.Implementations.csproj", "{6BE8F5B4-8578-4D1A-9554-4285FB5909B0}"
EndProject
Project("{9A19103F-16F7-4668-BE54-9A1E7A4F7556}") = "ChatService.Infrastructure.EntityFramework", "src\ChatService\Infrastructure\ChatService.Infrastructure.EntityFramework\ChatService.Infrastructure.EntityFramework.csproj", "{68DCE4DB-7BF7-4902-BA07-CE1FEBA1BB12}"
EndProject
Project("{9A19103F-16F7-4668-BE54-9A1E7A4F7556}") = "ChatService.Infrastructure.Repositories.Implementations", "src\ChatService\Infrastructure\ChatService.Infrastructure.Repositories.Implementations\ChatService.Infrastructure.Repositories.Implementations.csproj", "{4A8F79FE-A81E-41C8-A70B-E98B4349299B}"
EndProject
Project("{2150E333-8FDC-42A3-9474-1A3956D46DE8}") = "Logger", "Logger", "{C3004521-1CF6-4582-A648-EABA05D77DB5}"
EndProject
Project("{2150E333-8FDC-42A3-9474-1A3956D46DE8}") = "DAL", "DAL", "{A4D7F05F-C649-4F61-A2DE-64712A26D04C}"
EndProject
Project("{9A19103F-16F7-4668-BE54-9A1E7A4F7556}") = "Logger.DataAccess.Entities", "Logger\DAL\Logger.DataAccess.Entities\Logger.DataAccess.Entities.csproj", "{AF2650FA-094E-4842-B11C-EFAA43149185}"
EndProject
Project("{9A19103F-16F7-4668-BE54-9A1E7A4F7556}") = "Logger.DataAccess.Repositories.Abstractions", "Logger\DAL\Logger.DataAccess.Repositories.Abstractions\Logger.DataAccess.Repositories.Abstractions.csproj", "{8CF44006-CD0B-466A-A240-368F434F2FA7}"
EndProject
Project("{9A19103F-16F7-4668-BE54-9A1E7A4F7556}") = "Logger.DataAccess.EntityFramework", "Logger\DAL\Logger.DataAccess.EntityFramework\Logger.DataAccess.EntityFramework.csproj", "{14D8DBDB-FB71-4776-B84C-D3DABFF878FC}"
EndProject
Project("{9A19103F-16F7-4668-BE54-9A1E7A4F7556}") = "LoggerService", "Logger\LoggerService\LoggerService.csproj", "{2375FC69-D5B9-463E-96AA-376D1A21CFAF}"
EndProject
Project("{FAE04EC0-301F-11D3-BF4B-00C04F79EFBC}") = "Logger.DataAccess.Repositories.Implementations", "Logger\DAL\Logger.DataAccess.Repositories.Implementations\Logger.DataAccess.Repositories.Implementations.csproj", "{2D3BE783-D833-413D-84F9-37C091BED521}"
EndProject
Project("{2150E333-8FDC-42A3-9474-1A3956D46DE8}") = "BLL", "BLL", "{F31183E6-901F-49A6-AFCF-97E7B2F6F617}"
EndProject
Project("{FAE04EC0-301F-11D3-BF4B-00C04F79EFBC}") = "Logger.BusinessLogic.Entities", "Logger\BLL\Logger.BusinessLogic.Entities\Logger.BusinessLogic.Entities.csproj", "{C1A62BF7-D195-4E1F-90FF-56607D94CA1B}"
EndProject
Global
	GlobalSection(SolutionConfigurationPlatforms) = preSolution
		Debug|Any CPU = Debug|Any CPU
		Release|Any CPU = Release|Any CPU
	EndGlobalSection
	GlobalSection(ProjectConfigurationPlatforms) = postSolution
		{D795FB1A-3602-48A0-9560-CEC27E541196}.Debug|Any CPU.ActiveCfg = Debug|Any CPU
		{D795FB1A-3602-48A0-9560-CEC27E541196}.Debug|Any CPU.Build.0 = Debug|Any CPU
		{D795FB1A-3602-48A0-9560-CEC27E541196}.Release|Any CPU.ActiveCfg = Release|Any CPU
		{D795FB1A-3602-48A0-9560-CEC27E541196}.Release|Any CPU.Build.0 = Release|Any CPU
		{FB54123B-9679-419B-AC90-347C21A66BD3}.Debug|Any CPU.ActiveCfg = Debug|Any CPU
		{FB54123B-9679-419B-AC90-347C21A66BD3}.Debug|Any CPU.Build.0 = Debug|Any CPU
		{FB54123B-9679-419B-AC90-347C21A66BD3}.Release|Any CPU.ActiveCfg = Release|Any CPU
		{FB54123B-9679-419B-AC90-347C21A66BD3}.Release|Any CPU.Build.0 = Release|Any CPU
		{AF4FB651-320D-4929-8753-9593C8659631}.Debug|Any CPU.ActiveCfg = Debug|Any CPU
		{AF4FB651-320D-4929-8753-9593C8659631}.Debug|Any CPU.Build.0 = Debug|Any CPU
		{AF4FB651-320D-4929-8753-9593C8659631}.Release|Any CPU.ActiveCfg = Release|Any CPU
		{AF4FB651-320D-4929-8753-9593C8659631}.Release|Any CPU.Build.0 = Release|Any CPU
		{F74736AE-D51F-4A74-8000-0C0F98990864}.Debug|Any CPU.ActiveCfg = Debug|Any CPU
		{F74736AE-D51F-4A74-8000-0C0F98990864}.Debug|Any CPU.Build.0 = Debug|Any CPU
		{F74736AE-D51F-4A74-8000-0C0F98990864}.Release|Any CPU.ActiveCfg = Release|Any CPU
		{F74736AE-D51F-4A74-8000-0C0F98990864}.Release|Any CPU.Build.0 = Release|Any CPU
		{D6881781-427A-41DD-8D0F-5334B292F34C}.Debug|Any CPU.ActiveCfg = Debug|Any CPU
		{D6881781-427A-41DD-8D0F-5334B292F34C}.Debug|Any CPU.Build.0 = Debug|Any CPU
		{D6881781-427A-41DD-8D0F-5334B292F34C}.Release|Any CPU.ActiveCfg = Release|Any CPU
		{D6881781-427A-41DD-8D0F-5334B292F34C}.Release|Any CPU.Build.0 = Release|Any CPU
		{2AB892D2-F455-4A83-8840-13D220419A19}.Debug|Any CPU.ActiveCfg = Debug|Any CPU
		{2AB892D2-F455-4A83-8840-13D220419A19}.Debug|Any CPU.Build.0 = Debug|Any CPU
		{2AB892D2-F455-4A83-8840-13D220419A19}.Release|Any CPU.ActiveCfg = Release|Any CPU
		{2AB892D2-F455-4A83-8840-13D220419A19}.Release|Any CPU.Build.0 = Release|Any CPU
		{8A7FDAF1-A49A-4DCD-8B7B-9A5D76B2490C}.Debug|Any CPU.ActiveCfg = Debug|Any CPU
		{8A7FDAF1-A49A-4DCD-8B7B-9A5D76B2490C}.Debug|Any CPU.Build.0 = Debug|Any CPU
		{8A7FDAF1-A49A-4DCD-8B7B-9A5D76B2490C}.Release|Any CPU.ActiveCfg = Release|Any CPU
		{8A7FDAF1-A49A-4DCD-8B7B-9A5D76B2490C}.Release|Any CPU.Build.0 = Release|Any CPU
		{5E761B79-4375-45DD-BE22-72083D5D9DFC}.Debug|Any CPU.ActiveCfg = Debug|Any CPU
		{5E761B79-4375-45DD-BE22-72083D5D9DFC}.Debug|Any CPU.Build.0 = Debug|Any CPU
		{5E761B79-4375-45DD-BE22-72083D5D9DFC}.Release|Any CPU.ActiveCfg = Release|Any CPU
		{5E761B79-4375-45DD-BE22-72083D5D9DFC}.Release|Any CPU.Build.0 = Release|Any CPU
		{723E9097-E175-477F-95EA-DEE9DEF407CF}.Debug|Any CPU.ActiveCfg = Debug|Any CPU
		{723E9097-E175-477F-95EA-DEE9DEF407CF}.Debug|Any CPU.Build.0 = Debug|Any CPU
		{723E9097-E175-477F-95EA-DEE9DEF407CF}.Release|Any CPU.ActiveCfg = Release|Any CPU
		{723E9097-E175-477F-95EA-DEE9DEF407CF}.Release|Any CPU.Build.0 = Release|Any CPU
		{6BE8F5B4-8578-4D1A-9554-4285FB5909B0}.Debug|Any CPU.ActiveCfg = Debug|Any CPU
		{6BE8F5B4-8578-4D1A-9554-4285FB5909B0}.Debug|Any CPU.Build.0 = Debug|Any CPU
		{6BE8F5B4-8578-4D1A-9554-4285FB5909B0}.Release|Any CPU.ActiveCfg = Release|Any CPU
		{6BE8F5B4-8578-4D1A-9554-4285FB5909B0}.Release|Any CPU.Build.0 = Release|Any CPU
		{68DCE4DB-7BF7-4902-BA07-CE1FEBA1BB12}.Debug|Any CPU.ActiveCfg = Debug|Any CPU
		{68DCE4DB-7BF7-4902-BA07-CE1FEBA1BB12}.Debug|Any CPU.Build.0 = Debug|Any CPU
		{68DCE4DB-7BF7-4902-BA07-CE1FEBA1BB12}.Release|Any CPU.ActiveCfg = Release|Any CPU
		{68DCE4DB-7BF7-4902-BA07-CE1FEBA1BB12}.Release|Any CPU.Build.0 = Release|Any CPU
		{4A8F79FE-A81E-41C8-A70B-E98B4349299B}.Debug|Any CPU.ActiveCfg = Debug|Any CPU
		{4A8F79FE-A81E-41C8-A70B-E98B4349299B}.Debug|Any CPU.Build.0 = Debug|Any CPU
		{4A8F79FE-A81E-41C8-A70B-E98B4349299B}.Release|Any CPU.ActiveCfg = Release|Any CPU
		{4A8F79FE-A81E-41C8-A70B-E98B4349299B}.Release|Any CPU.Build.0 = Release|Any CPU
		{AF2650FA-094E-4842-B11C-EFAA43149185}.Debug|Any CPU.ActiveCfg = Debug|Any CPU
		{AF2650FA-094E-4842-B11C-EFAA43149185}.Debug|Any CPU.Build.0 = Debug|Any CPU
		{AF2650FA-094E-4842-B11C-EFAA43149185}.Release|Any CPU.ActiveCfg = Release|Any CPU
		{AF2650FA-094E-4842-B11C-EFAA43149185}.Release|Any CPU.Build.0 = Release|Any CPU
		{8CF44006-CD0B-466A-A240-368F434F2FA7}.Debug|Any CPU.ActiveCfg = Debug|Any CPU
		{8CF44006-CD0B-466A-A240-368F434F2FA7}.Debug|Any CPU.Build.0 = Debug|Any CPU
		{8CF44006-CD0B-466A-A240-368F434F2FA7}.Release|Any CPU.ActiveCfg = Release|Any CPU
		{8CF44006-CD0B-466A-A240-368F434F2FA7}.Release|Any CPU.Build.0 = Release|Any CPU
		{14D8DBDB-FB71-4776-B84C-D3DABFF878FC}.Debug|Any CPU.ActiveCfg = Debug|Any CPU
		{14D8DBDB-FB71-4776-B84C-D3DABFF878FC}.Debug|Any CPU.Build.0 = Debug|Any CPU
		{14D8DBDB-FB71-4776-B84C-D3DABFF878FC}.Release|Any CPU.ActiveCfg = Release|Any CPU
		{14D8DBDB-FB71-4776-B84C-D3DABFF878FC}.Release|Any CPU.Build.0 = Release|Any CPU
		{2375FC69-D5B9-463E-96AA-376D1A21CFAF}.Debug|Any CPU.ActiveCfg = Debug|Any CPU
		{2375FC69-D5B9-463E-96AA-376D1A21CFAF}.Debug|Any CPU.Build.0 = Debug|Any CPU
		{2375FC69-D5B9-463E-96AA-376D1A21CFAF}.Release|Any CPU.ActiveCfg = Release|Any CPU
		{2375FC69-D5B9-463E-96AA-376D1A21CFAF}.Release|Any CPU.Build.0 = Release|Any CPU
		{2D3BE783-D833-413D-84F9-37C091BED521}.Debug|Any CPU.ActiveCfg = Debug|Any CPU
		{2D3BE783-D833-413D-84F9-37C091BED521}.Debug|Any CPU.Build.0 = Debug|Any CPU
		{2D3BE783-D833-413D-84F9-37C091BED521}.Release|Any CPU.ActiveCfg = Release|Any CPU
		{2D3BE783-D833-413D-84F9-37C091BED521}.Release|Any CPU.Build.0 = Release|Any CPU
		{C1A62BF7-D195-4E1F-90FF-56607D94CA1B}.Debug|Any CPU.ActiveCfg = Debug|Any CPU
		{C1A62BF7-D195-4E1F-90FF-56607D94CA1B}.Debug|Any CPU.Build.0 = Debug|Any CPU
		{C1A62BF7-D195-4E1F-90FF-56607D94CA1B}.Release|Any CPU.ActiveCfg = Release|Any CPU
		{C1A62BF7-D195-4E1F-90FF-56607D94CA1B}.Release|Any CPU.Build.0 = Release|Any CPU
	EndGlobalSection
	GlobalSection(SolutionProperties) = preSolution
		HideSolutionNode = FALSE
	EndGlobalSection
	GlobalSection(NestedProjects) = preSolution
		{1E21F497-2C59-44BD-97E1-C5E6E9B1EE2D} = {0D248EF3-3EFF-46B3-8D66-074DB0A48AA7}
		{D6881781-427A-41DD-8D0F-5334B292F34C} = {1E21F497-2C59-44BD-97E1-C5E6E9B1EE2D}
		{9209EB35-4E5A-4804-87F7-BF36E925BA4E} = {1E21F497-2C59-44BD-97E1-C5E6E9B1EE2D}
		{77CFA77F-7DA8-4F33-8420-D41B612F1FB0} = {1E21F497-2C59-44BD-97E1-C5E6E9B1EE2D}
		{2AB892D2-F455-4A83-8840-13D220419A19} = {77CFA77F-7DA8-4F33-8420-D41B612F1FB0}
		{EAA0460B-BC55-41AE-93D1-4FC2A0D71193} = {1E21F497-2C59-44BD-97E1-C5E6E9B1EE2D}
		{8A7FDAF1-A49A-4DCD-8B7B-9A5D76B2490C} = {EAA0460B-BC55-41AE-93D1-4FC2A0D71193}
		{5E761B79-4375-45DD-BE22-72083D5D9DFC} = {EAA0460B-BC55-41AE-93D1-4FC2A0D71193}
		{723E9097-E175-477F-95EA-DEE9DEF407CF} = {EAA0460B-BC55-41AE-93D1-4FC2A0D71193}
		{6BE8F5B4-8578-4D1A-9554-4285FB5909B0} = {EAA0460B-BC55-41AE-93D1-4FC2A0D71193}
		{68DCE4DB-7BF7-4902-BA07-CE1FEBA1BB12} = {9209EB35-4E5A-4804-87F7-BF36E925BA4E}
		{4A8F79FE-A81E-41C8-A70B-E98B4349299B} = {9209EB35-4E5A-4804-87F7-BF36E925BA4E}
		{A4D7F05F-C649-4F61-A2DE-64712A26D04C} = {C3004521-1CF6-4582-A648-EABA05D77DB5}
		{AF2650FA-094E-4842-B11C-EFAA43149185} = {A4D7F05F-C649-4F61-A2DE-64712A26D04C}
		{8CF44006-CD0B-466A-A240-368F434F2FA7} = {A4D7F05F-C649-4F61-A2DE-64712A26D04C}
		{14D8DBDB-FB71-4776-B84C-D3DABFF878FC} = {A4D7F05F-C649-4F61-A2DE-64712A26D04C}
		{2375FC69-D5B9-463E-96AA-376D1A21CFAF} = {C3004521-1CF6-4582-A648-EABA05D77DB5}
		{2D3BE783-D833-413D-84F9-37C091BED521} = {A4D7F05F-C649-4F61-A2DE-64712A26D04C}
		{F31183E6-901F-49A6-AFCF-97E7B2F6F617} = {C3004521-1CF6-4582-A648-EABA05D77DB5}
		{C1A62BF7-D195-4E1F-90FF-56607D94CA1B} = {F31183E6-901F-49A6-AFCF-97E7B2F6F617}
	EndGlobalSection
	GlobalSection(ExtensibilityGlobals) = postSolution
		SolutionGuid = {7C183238-1C39-4D6A-B0C4-41D95D68C458}
	EndGlobalSection
EndGlobal
